<?xml version="1.0" encoding="utf-8"?>
<Project ToolsVersion="4.0" xmlns="http://schemas.microsoft.com/developer/msbuild/2003">
  <ItemGroup>
    <Filter Include="99. Define">
      <UniqueIdentifier>{33db81df-3e0d-4b89-bd53-3bcb8a958724}</UniqueIdentifier>
    </Filter>
    <Filter Include="98. Default">
      <UniqueIdentifier>{24ceb924-7bd4-46df-a031-7ec25c6814f0}</UniqueIdentifier>
    </Filter>
    <Filter Include="00. MainApp">
      <UniqueIdentifier>{dfee8a35-7e4b-4005-b6c6-9699e443dd3e}</UniqueIdentifier>
    </Filter>
    <Filter Include="97. Event">
      <UniqueIdentifier>{85395fa9-d5e3-4a77-b678-72151c522109}</UniqueIdentifier>
    </Filter>
    <Filter Include="96. ShaderFiles">
      <UniqueIdentifier>{b9d7925c-22c5-410d-8f88-cf03f8aae298}</UniqueIdentifier>
    </Filter>
    <Filter Include="95. Parser">
      <UniqueIdentifier>{621f1f92-3c6d-436d-8458-d6119a0a6bac}</UniqueIdentifier>
    </Filter>
    <Filter Include="01. GameSystem">
      <UniqueIdentifier>{cd6cad5a-495a-49c3-af05-693d9201b7e1}</UniqueIdentifier>
    </Filter>
    <Filter Include="02. Level">
      <UniqueIdentifier>{b01b3566-51f1-4db6-a534-d28cad40c43f}</UniqueIdentifier>
    </Filter>
    <Filter Include="02. Level\Loader">
      <UniqueIdentifier>{a3003ffb-35f7-4926-9b12-ec60ce604c61}</UniqueIdentifier>
    </Filter>
    <Filter Include="02. Level\Loader\Logo">
      <UniqueIdentifier>{df4cc516-d2e4-442f-8371-3c715762c7ed}</UniqueIdentifier>
    </Filter>
    <Filter Include="02. Level\Loader\Test">
      <UniqueIdentifier>{6788c395-5c8e-4b8c-bbe4-56116da35bc7}</UniqueIdentifier>
    </Filter>
    <Filter Include="02. Level\Loader\GamePlay">
      <UniqueIdentifier>{f5fad4f8-9dfd-46e7-b0da-c921dca7dbbf}</UniqueIdentifier>
    </Filter>
    <Filter Include="02. Level\Logo">
      <UniqueIdentifier>{09ca92e8-84e4-4bae-b41a-cc0c3b381fd4}</UniqueIdentifier>
    </Filter>
    <Filter Include="02. Level\GamePlay">
      <UniqueIdentifier>{d9c3f03c-a893-4b94-8763-b3c0352768d4}</UniqueIdentifier>
    </Filter>
    <Filter Include="02. Level\Loading">
      <UniqueIdentifier>{ea09dc8b-738b-4109-9807-a4235125cbc5}</UniqueIdentifier>
    </Filter>
    <Filter Include="02. Level\Test">
      <UniqueIdentifier>{6947a9ad-ad47-4103-b09e-1c5b2bc2e655}</UniqueIdentifier>
    </Filter>
    <Filter Include="03. GameObject">
      <UniqueIdentifier>{ce527bd7-ea68-4c49-b058-42e71473eeb1}</UniqueIdentifier>
    </Filter>
    <Filter Include="03. GameObject\Dummy">
      <UniqueIdentifier>{ed07c1bd-b2ef-4167-a5d6-d28e30bdb8b5}</UniqueIdentifier>
    </Filter>
    <Filter Include="03. GameObject\MapObject">
      <UniqueIdentifier>{040d8769-a965-4ca5-ae9c-fa3a893680fb}</UniqueIdentifier>
    </Filter>
    <Filter Include="03. GameObject\Actor">
      <UniqueIdentifier>{3751a3ce-7071-4ce5-8e29-f10ab8e03834}</UniqueIdentifier>
    </Filter>
    <Filter Include="03. GameObject\Actor\Player">
      <UniqueIdentifier>{fedaac66-9216-4df1-a561-1ebbe813bca3}</UniqueIdentifier>
    </Filter>
    <Filter Include="03. GameObject\Controller">
      <UniqueIdentifier>{49d9be5c-bc11-4fe1-914d-ba12dbb05df0}</UniqueIdentifier>
    </Filter>
    <Filter Include="04. Component">
      <UniqueIdentifier>{e4041359-2c23-4a5b-9c25-80592f1929d2}</UniqueIdentifier>
    </Filter>
    <Filter Include="04. Component\00. State">
      <UniqueIdentifier>{f4babc20-5042-4cd9-a2e4-06091bd1ed5b}</UniqueIdentifier>
    </Filter>
    <Filter Include="04. Component\01. Controller">
      <UniqueIdentifier>{1d16436e-bf6c-4cb1-934f-005edd36cacd}</UniqueIdentifier>
    </Filter>
    <Filter Include="04. Component\02. Parameter">
      <UniqueIdentifier>{14238100-86c1-4f12-b809-a3f7e50efe7f}</UniqueIdentifier>
    </Filter>
    <Filter Include="03. GameObject\Camera">
      <UniqueIdentifier>{0f456bc2-7dd8-4d4e-8bd1-d00b6789170e}</UniqueIdentifier>
    </Filter>
    <Filter Include="03. GameObject\Camera\Spring">
      <UniqueIdentifier>{ede301d8-870a-4741-b3fc-ef4ad81d9087}</UniqueIdentifier>
    </Filter>
    <Filter Include="03. GameObject\UI">
      <UniqueIdentifier>{e3e754ff-d915-4aa3-b5f5-0d09b20d656d}</UniqueIdentifier>
    </Filter>
    <Filter Include="03. GameObject\UI\_Component">
      <UniqueIdentifier>{36a9bdb1-f2d6-45bb-8ba6-e1a46a663590}</UniqueIdentifier>
    </Filter>
    <Filter Include="03. GameObject\UI\_Parents">
      <UniqueIdentifier>{1681211d-9f83-450e-accb-f92ebf1a5186}</UniqueIdentifier>
    </Filter>
    <Filter Include="03. GameObject\UI\Child_Containers">
      <UniqueIdentifier>{c2cc41b8-823a-4ba0-9c80-c969b92bedad}</UniqueIdentifier>
    </Filter>
    <Filter Include="03. GameObject\UI\Child_Containers\HUD">
      <UniqueIdentifier>{5722860c-32aa-4818-9bb3-f6f8c726f814}</UniqueIdentifier>
    </Filter>
    <Filter Include="03. GameObject\UI\Child_Containers\EscMenu">
      <UniqueIdentifier>{dc1d0669-5845-400e-ab27-396b2a391465}</UniqueIdentifier>
    </Filter>
    <Filter Include="03. GameObject\UI\_Parents\_SubParents">
      <UniqueIdentifier>{2536bb3e-6fce-40d4-9520-e3359bee88b6}</UniqueIdentifier>
    </Filter>
    <Filter Include="03. GameObject\UI\_Shader">
      <UniqueIdentifier>{6311667a-6633-4d98-b396-f880dffcd42a}</UniqueIdentifier>
    </Filter>
    <Filter Include="02. Level\UI">
      <UniqueIdentifier>{42d34b8c-5305-4308-a1e3-60659450ace7}</UniqueIdentifier>
    </Filter>
    <Filter Include="03. GameObject\Actor\Player\State">
      <UniqueIdentifier>{bd546683-7b66-418d-9277-900e4e5357c5}</UniqueIdentifier>
    </Filter>
    <Filter Include="02. Level\Loader\VIBuffer">
      <UniqueIdentifier>{212f9fd5-3f73-4c1d-a296-1208dfe69bde}</UniqueIdentifier>
    </Filter>
    <Filter Include="03. GameObject\Actor\Player\Augusta">
      <UniqueIdentifier>{1ddcb2b8-3bfd-4a31-90e1-cf1db119a67f}</UniqueIdentifier>
    </Filter>
    <Filter Include="03. GameObject\Actor\Player\State\Ground">
      <UniqueIdentifier>{567088f8-1f86-4097-9c5f-1dcb6b362676}</UniqueIdentifier>
    </Filter>
    <Filter Include="03. GameObject\Actor\Player\State\Climb">
      <UniqueIdentifier>{554f916e-4c05-48d6-9e5d-82c84a9002a2}</UniqueIdentifier>
    </Filter>
    <Filter Include="03. GameObject\Actor\Player\State\Character">
      <UniqueIdentifier>{0252e64a-f082-483b-a7ae-960a8b2eb974}</UniqueIdentifier>
    </Filter>
    <Filter Include="03. GameObject\Actor\Player\State\Air">
      <UniqueIdentifier>{e38fea36-5785-4b90-a943-9cc6ebb32ed5}</UniqueIdentifier>
    </Filter>
    <Filter Include="03. GameObject\Actor\Player\State\Hit">
      <UniqueIdentifier>{3476a60f-14fe-48ba-9302-f11a878bf10a}</UniqueIdentifier>
    </Filter>
    <Filter Include="03. GameObject\Actor\Player\State\Define">
      <UniqueIdentifier>{806d4e3d-1d67-441f-acc9-bc13257d5457}</UniqueIdentifier>
    </Filter>
    <Filter Include="03. GameObject\Actor\Player\State\Ground\Augusta">
      <UniqueIdentifier>{b0c3516c-97c2-418f-b34b-408390c86852}</UniqueIdentifier>
    </Filter>
    <Filter Include="03. GameObject\Actor\Player\State\Air\Augusta">
      <UniqueIdentifier>{c6688f7b-5cae-41f6-9482-7c488931a29a}</UniqueIdentifier>
    </Filter>
    <Filter Include="03. GameObject\Actor\Player\State\Climb\Augusta">
      <UniqueIdentifier>{43d5313d-7a97-47ea-a6b0-12113f159a63}</UniqueIdentifier>
    </Filter>
    <Filter Include="94. Factory">
      <UniqueIdentifier>{3e687868-9155-4652-999c-8356ae6f1f2a}</UniqueIdentifier>
    </Filter>
    <Filter Include="03. GameObject\Weapon">
      <UniqueIdentifier>{f1e21b97-7a13-4226-b93f-ddaa894e0419}</UniqueIdentifier>
    </Filter>
    <Filter Include="03. GameObject\Weapon\Augusta">
      <UniqueIdentifier>{773c40a9-6ea7-49bd-8e7b-86f777edf214}</UniqueIdentifier>
    </Filter>
    <Filter Include="03. GameObject\Effect">
      <UniqueIdentifier>{0bd0ad0c-ce59-4ec2-bbee-d7fe62618a49}</UniqueIdentifier>
    </Filter>
    <Filter Include="03. GameObject\Effect\Prefab">
      <UniqueIdentifier>{4d8babfa-3c25-448e-8b30-d7fda6e85546}</UniqueIdentifier>
    </Filter>
    <Filter Include="03. GameObject\Effect\Prefab\Particle">
      <UniqueIdentifier>{5bdbb908-4119-4d78-a40e-4a501a3c2497}</UniqueIdentifier>
    </Filter>
    <Filter Include="03. GameObject\Effect\Prefab\TrailMesh">
      <UniqueIdentifier>{9c4ff355-bd13-4b3e-94a1-15e0b1f6cb7f}</UniqueIdentifier>
    </Filter>
    <Filter Include="03. GameObject\Actor\Player\Common">
      <UniqueIdentifier>{d56cb8b9-0472-4119-9694-c75f26e7e168}</UniqueIdentifier>
    </Filter>
    <Filter Include="03. GameObject\Actor\Player\Rover">
      <UniqueIdentifier>{45115b7c-87c0-4266-acac-0b543d7f66bb}</UniqueIdentifier>
    </Filter>
    <Filter Include="03. GameObject\Actor\Player\State\Hit\Augusta">
      <UniqueIdentifier>{5ace380b-b2e8-4d8a-b46a-496c01d647f6}</UniqueIdentifier>
    </Filter>
    <Filter Include="03. GameObject\Actor\Player\State\Air\Rover">
      <UniqueIdentifier>{46c6cdd0-f4af-4ecd-8b44-694a70960755}</UniqueIdentifier>
    </Filter>
    <Filter Include="03. GameObject\Actor\Player\State\Climb\Rover">
      <UniqueIdentifier>{ac612425-aa8e-47f8-908c-2a27d2bfbaea}</UniqueIdentifier>
    </Filter>
    <Filter Include="03. GameObject\Actor\Player\State\Ground\Rover">
      <UniqueIdentifier>{829deb35-c008-4077-b12b-9b1c45105902}</UniqueIdentifier>
    </Filter>
    <Filter Include="03. GameObject\Actor\Player\State\Hit\Rover">
      <UniqueIdentifier>{3a289f67-d563-4748-868a-598a591d44aa}</UniqueIdentifier>
    </Filter>
    <Filter Include="03. GameObject\Weapon\Rover">
      <UniqueIdentifier>{469434cf-11b1-4aa1-aee2-d91080f9ced2}</UniqueIdentifier>
    </Filter>
    <Filter Include="01. GameSystem\Director">
      <UniqueIdentifier>{ece30e9d-6040-4c28-956f-43f2ccbcebe5}</UniqueIdentifier>
    </Filter>
    <Filter Include="03. GameObject\Actor\Monster">
      <UniqueIdentifier>{5e9c0d4e-a9fe-420d-af13-5a6fe9e85554}</UniqueIdentifier>
    </Filter>
    <Filter Include="03. GameObject\Actor\Monster\MonsterTest">
      <UniqueIdentifier>{2c3f6197-3925-414b-870c-256facfb484c}</UniqueIdentifier>
    </Filter>
    <Filter Include="03. GameObject\Actor\Monster\MonsterTest\AttackVolume">
      <UniqueIdentifier>{45e65600-37bd-4981-9870-e96835e72dc1}</UniqueIdentifier>
    </Filter>
    <Filter Include="03. GameObject\Actor\Monster\HavocWarrior">
      <UniqueIdentifier>{53439f99-8c0e-4db1-8bef-57b3bbbabe9b}</UniqueIdentifier>
    </Filter>
    <Filter Include="03. GameObject\Actor\Monster\ElectroPredator">
      <UniqueIdentifier>{da785c09-916c-4fe0-a759-16e111b51508}</UniqueIdentifier>
    </Filter>
    <Filter Include="03. GameObject\Weapon\Common">
      <UniqueIdentifier>{01321058-29ab-45a8-896e-029732d1879b}</UniqueIdentifier>
    </Filter>
    <Filter Include="03. GameObject\Actor\Monster\MonsterTest\Effect">
      <UniqueIdentifier>{cf4661a1-f396-4152-8969-b39d1f8f3b25}</UniqueIdentifier>
    </Filter>
    <Filter Include="03. GameObject\Actor\Monster\MonsterTest\Effect\Ggobul">
      <UniqueIdentifier>{b5315e54-c9c6-48dc-a171-446c31ca3017}</UniqueIdentifier>
    </Filter>
  </ItemGroup>
  <ItemGroup>
    <ClInclude Include="Client.h">
      <Filter>98. Default</Filter>
    </ClInclude>
    <ClInclude Include="framework.h">
      <Filter>98. Default</Filter>
    </ClInclude>
    <ClInclude Include="Resource.h">
      <Filter>98. Default</Filter>
    </ClInclude>
    <ClInclude Include="targetver.h">
      <Filter>98. Default</Filter>
    </ClInclude>
    <ClInclude Include="..\Public\MainApp.h">
      <Filter>00. MainApp</Filter>
    </ClInclude>
    <ClInclude Include="..\Public\ClientPch.h">
      <Filter>99. Define</Filter>
    </ClInclude>
    <ClInclude Include="..\Public\Client_Define.h">
      <Filter>99. Define</Filter>
    </ClInclude>
    <ClInclude Include="..\Public\Client_Enum.h">
      <Filter>99. Define</Filter>
    </ClInclude>
    <ClInclude Include="..\Public\Loader.h">
      <Filter>02. Level\Loader</Filter>
    </ClInclude>
    <ClInclude Include="..\Public\Level_Logo.h">
      <Filter>02. Level\Logo</Filter>
    </ClInclude>
    <ClInclude Include="..\Public\Level_Loading.h">
      <Filter>02. Level\Loading</Filter>
    </ClInclude>
    <ClInclude Include="..\Public\Event_Level.h">
      <Filter>97. Event</Filter>
    </ClInclude>
    <ClInclude Include="..\Public\Loader_Logo.h">
      <Filter>02. Level\Loader\Logo</Filter>
    </ClInclude>
    <ClInclude Include="..\Public\Dummy.h">
      <Filter>03. GameObject\Dummy</Filter>
    </ClInclude>
    <ClInclude Include="..\Public\Parser.h">
      <Filter>95. Parser</Filter>
    </ClInclude>
    <ClInclude Include="..\Public\Level_Test.h">
      <Filter>02. Level\Test</Filter>
    </ClInclude>
    <ClInclude Include="..\Public\MapObject.h">
      <Filter>03. GameObject\MapObject</Filter>
    </ClInclude>
    <ClInclude Include="..\Public\Loader_Test.h">
      <Filter>02. Level\Loader\Test</Filter>
    </ClInclude>
    <ClInclude Include="..\Public\Loader_GamePlay.h">
      <Filter>02. Level\Loader\GamePlay</Filter>
    </ClInclude>
    <ClInclude Include="..\Public\Level_GamePlay.h">
      <Filter>02. Level\GamePlay</Filter>
    </ClInclude>
    <ClInclude Include="..\public\ShadowDummy.h">
      <Filter>03. GameObject\Dummy</Filter>
    </ClInclude>
    <ClInclude Include="..\Public\GameSystem.h">
      <Filter>01. GameSystem</Filter>
    </ClInclude>
    <ClInclude Include="..\Public\AnimationDummy.h">
      <Filter>03. GameObject\Dummy</Filter>
    </ClInclude>
    <ClInclude Include="..\Public\Actor.h">
      <Filter>03. GameObject\Actor</Filter>
    </ClInclude>
    <ClInclude Include="..\Public\SpringCamera.h">
      <Filter>03. GameObject\Camera\Spring</Filter>
    </ClInclude>
    <ClInclude Include="..\Public\MonsterTest.h">
      <Filter>03. GameObject\Actor\Monster\MonsterTest</Filter>
    </ClInclude>
    <ClInclude Include="..\public\Animator_UI.h">
      <Filter>03. GameObject\UI\_Component</Filter>
    </ClInclude>
    <ClInclude Include="..\public\Level_Test_UI.h">
      <Filter>02. Level\Test</Filter>
    </ClInclude>
    <ClInclude Include="..\public\Loader_Test_UI.h">
      <Filter>02. Level\Loader\Test</Filter>
    </ClInclude>
    <ClInclude Include="..\public\UI_HUD.h">
      <Filter>03. GameObject\UI\Child_Containers\HUD</Filter>
    </ClInclude>
    <ClInclude Include="..\public\UI_Button.h">
      <Filter>03. GameObject\UI\_Parents\_SubParents</Filter>
    </ClInclude>
    <ClInclude Include="..\public\UI_Image.h">
      <Filter>03. GameObject\UI\_Parents\_SubParents</Filter>
    </ClInclude>
    <ClInclude Include="..\public\UI_Interact.h">
      <Filter>03. GameObject\UI\_Parents\_SubParents</Filter>
    </ClInclude>
    <ClInclude Include="..\public\UI_Text.h">
      <Filter>03. GameObject\UI\_Parents\_SubParents</Filter>
    </ClInclude>
    <ClInclude Include="..\public\Custom_UI.h">
      <Filter>03. GameObject\UI\_Parents</Filter>
    </ClInclude>
    <ClInclude Include="..\Public\Augusta.h">
      <Filter>03. GameObject\Actor\Player\Augusta</Filter>
    </ClInclude>
    <ClInclude Include="..\Public\AugustaFactory.h">
      <Filter>03. GameObject\Actor\Player\Augusta</Filter>
    </ClInclude>
    <ClInclude Include="..\Public\GroundState.h">
      <Filter>03. GameObject\Actor\Player\State\Ground</Filter>
    </ClInclude>
    <ClInclude Include="..\Public\ClimbState.h">
      <Filter>03. GameObject\Actor\Player\State\Climb</Filter>
    </ClInclude>
    <ClInclude Include="..\Public\CharacterState.h">
      <Filter>03. GameObject\Actor\Player\State\Character</Filter>
    </ClInclude>
    <ClInclude Include="..\Public\AirState.h">
      <Filter>03. GameObject\Actor\Player\State\Air</Filter>
    </ClInclude>
    <ClInclude Include="..\Public\HitState.h">
      <Filter>03. GameObject\Actor\Player\State\Hit</Filter>
    </ClInclude>
    <ClInclude Include="..\Public\StateCategory_Enum.h">
      <Filter>03. GameObject\Actor\Player\State\Define</Filter>
    </ClInclude>
    <ClInclude Include="..\Public\AugustaGroundRun.h">
      <Filter>03. GameObject\Actor\Player\State\Ground\Augusta</Filter>
    </ClInclude>
    <ClInclude Include="..\Public\AugustaGroundDash.h">
      <Filter>03. GameObject\Actor\Player\State\Ground\Augusta</Filter>
    </ClInclude>
    <ClInclude Include="..\Public\AugustaGroundAttack.h">
      <Filter>03. GameObject\Actor\Player\State\Ground\Augusta</Filter>
    </ClInclude>
    <ClInclude Include="..\Public\AugustaGroundSkill.h">
      <Filter>03. GameObject\Actor\Player\State\Ground\Augusta</Filter>
    </ClInclude>
    <ClInclude Include="..\Public\AugustaGroundIdle.h">
      <Filter>03. GameObject\Actor\Player\State\Ground\Augusta</Filter>
    </ClInclude>
    <ClInclude Include="..\Public\AugustaGroundWalk.h">
      <Filter>03. GameObject\Actor\Player\State\Ground\Augusta</Filter>
    </ClInclude>
    <ClInclude Include="..\Public\AugustaAirJump.h">
      <Filter>03. GameObject\Actor\Player\State\Air\Augusta</Filter>
    </ClInclude>
    <ClInclude Include="..\Public\AugustaAirFall.h">
      <Filter>03. GameObject\Actor\Player\State\Air\Augusta</Filter>
    </ClInclude>
    <ClInclude Include="..\Public\AugustaGroundLand.h">
      <Filter>03. GameObject\Actor\Player\State\Ground\Augusta</Filter>
    </ClInclude>
    <ClInclude Include="..\Public\AugustaClimbMove.h">
      <Filter>03. GameObject\Actor\Player\State\Climb\Augusta</Filter>
    </ClInclude>
    <ClInclude Include="..\Public\AugustaClimbExit.h">
      <Filter>03. GameObject\Actor\Player\State\Climb\Augusta</Filter>
    </ClInclude>
    <ClInclude Include="..\Public\MonsterDummy.h">
      <Filter>03. GameObject\Dummy</Filter>
    </ClInclude>
    <ClInclude Include="..\Public\Factory.h">
      <Filter>94. Factory</Filter>
    </ClInclude>
    <ClInclude Include="..\Public\AugustaBayonet.h">
      <Filter>03. GameObject\Weapon\Augusta</Filter>
    </ClInclude>
    <ClInclude Include="..\Public\Prop.h">
      <Filter>03. GameObject\Weapon</Filter>
    </ClInclude>
    <ClInclude Include="..\Public\VIBuffer_Rect_Instance_UI.h">
      <Filter>02. Level\Loader\VIBuffer</Filter>
    </ClInclude>
    <ClInclude Include="..\Public\Client_Struct.h">
      <Filter>99. Define</Filter>
    </ClInclude>
    <ClInclude Include="..\Public\AugustaSkillWeapon.h">
      <Filter>03. GameObject\Weapon\Augusta</Filter>
    </ClInclude>
    <ClInclude Include="..\Public\AugustaGriffon.h">
      <Filter>03. GameObject\Weapon\Augusta</Filter>
    </ClInclude>
    <ClInclude Include="..\Public\AugustaGroundBurst.h">
      <Filter>03. GameObject\Actor\Player\State\Ground\Augusta</Filter>
    </ClInclude>
    <ClInclude Include="..\Public\AugustaAirAttack.h">
      <Filter>03. GameObject\Actor\Player\State\Air\Augusta</Filter>
    </ClInclude>
    <ClInclude Include="..\Public\AugustaAirSkill.h">
      <Filter>03. GameObject\Actor\Player\State\Air\Augusta</Filter>
    </ClInclude>
    <ClInclude Include="..\Public\Client_Debug.h">
      <Filter>99. Define</Filter>
    </ClInclude>
    <ClInclude Include="..\Public\AugustaGroundSpecial.h">
      <Filter>03. GameObject\Actor\Player\State\Ground\Augusta</Filter>
    </ClInclude>
    <ClInclude Include="..\Public\Particle.h">
      <Filter>03. GameObject\Effect\Prefab\Particle</Filter>
    </ClInclude>
    <ClInclude Include="..\Public\Trail_Mesh.h">
      <Filter>03. GameObject\Effect\Prefab\TrailMesh</Filter>
    </ClInclude>
    <ClInclude Include="..\Public\Effect_Prefab.h">
      <Filter>03. GameObject\Effect\Prefab</Filter>
    </ClInclude>
    <ClInclude Include="..\Public\Character.h">
      <Filter>03. GameObject\Actor\Player\Common</Filter>
    </ClInclude>
    <ClInclude Include="..\Public\Player.h">
      <Filter>03. GameObject\Actor\Player\Common</Filter>
    </ClInclude>
    <ClInclude Include="..\public\Player_Define.h">
      <Filter>03. GameObject\Actor\Player\Common</Filter>
    </ClInclude>
    <ClInclude Include="..\Public\PlayerFactory.h">
      <Filter>03. GameObject\Actor\Player\Common</Filter>
    </ClInclude>
    <ClInclude Include="..\Public\AugustaHit.h">
      <Filter>03. GameObject\Actor\Player\State\Hit\Augusta</Filter>
    </ClInclude>
    <ClInclude Include="..\Public\Rover.h">
      <Filter>03. GameObject\Actor\Player\Rover</Filter>
    </ClInclude>
    <ClInclude Include="..\Public\RoverFactory.h">
      <Filter>03. GameObject\Actor\Player\Rover</Filter>
    </ClInclude>
    <ClInclude Include="..\Public\RoverSword.h">
      <Filter>03. GameObject\Weapon\Augusta</Filter>
    </ClInclude>
    <ClInclude Include="..\Public\AugustaState_Enum.h">
      <Filter>03. GameObject\Actor\Player\State\Define</Filter>
    </ClInclude>
    <ClInclude Include="..\Public\RoverState_Enum.h">
      <Filter>03. GameObject\Actor\Player\State\Define</Filter>
    </ClInclude>
    <ClInclude Include="CAttackVolume.h">
      <Filter>03. GameObject\Actor\Monster\MonsterTest\AttackVolume</Filter>
    </ClInclude>
    <ClInclude Include="..\Public\Event_Camera.h">
      <Filter>97. Event</Filter>
    </ClInclude>
    <ClInclude Include="..\Public\Director.h">
      <Filter>01. GameSystem\Director</Filter>
    </ClInclude>
    <ClInclude Include="..\Public\RoverGroundIdle.h">
      <Filter>03. GameObject\Actor\Player\State\Ground\Rover</Filter>
    </ClInclude>
    <ClInclude Include="..\Public\RoverGroundRun.h">
      <Filter>03. GameObject\Actor\Player\State\Ground\Rover</Filter>
    </ClInclude>
    <ClInclude Include="..\Public\RoverAirJump.h">
      <Filter>03. GameObject\Actor\Player\State\Air\Rover</Filter>
    </ClInclude>
    <ClInclude Include="..\Public\RoverGroundLand.h">
      <Filter>03. GameObject\Actor\Player\State\Ground\Rover</Filter>
    </ClInclude>
    <ClInclude Include="..\Public\RoverAirFall.h">
      <Filter>03. GameObject\Actor\Player\State\Air\Rover</Filter>
    </ClInclude>
    <ClInclude Include="..\Public\RoverGroundDash.h">
      <Filter>03. GameObject\Actor\Player\State\Ground\Rover</Filter>
    </ClInclude>
    <ClInclude Include="..\Public\Wing.h">
      <Filter>03. GameObject\Weapon\Common</Filter>
    </ClInclude>
    <ClInclude Include="..\Public\AugustaAirFly.h">
      <Filter>03. GameObject\Actor\Player\State\Air\Augusta</Filter>
    </ClInclude>
    <ClInclude Include="..\public\HavocWarrior.h">
      <Filter>03. GameObject\Actor\Monster\HavocWarrior</Filter>
    </ClInclude>
    <ClInclude Include="..\Public\ElectroPredator.h">
      <Filter>03. GameObject\Actor\Monster\ElectroPredator</Filter>
    </ClInclude>
    <ClInclude Include="..\Public\Trigger_Box.h" />
    </ClInclude>
    <ClInclude Include="..\public\Ggobul.h">
      <Filter>03. GameObject\Actor\Monster\MonsterTest\Effect\Ggobul</Filter>
    </ClInclude>
  </ItemGroup>
  <ItemGroup>
    <Image Include="Client.ico">
      <Filter>98. Default</Filter>
    </Image>
    <Image Include="small.ico">
      <Filter>98. Default</Filter>
    </Image>
  </ItemGroup>
  <ItemGroup>
    <ClCompile Include="Client.cpp">
      <Filter>98. Default</Filter>
    </ClCompile>
    <ClCompile Include="..\Private\MainApp.cpp">
      <Filter>00. MainApp</Filter>
    </ClCompile>
    <ClCompile Include="..\Private\ClientPch.cpp">
      <Filter>99. Define</Filter>
    </ClCompile>
    <ClCompile Include="..\Private\Level_Loading.cpp">
      <Filter>02. Level\Loading</Filter>
    </ClCompile>
    <ClCompile Include="..\Private\Level_Logo.cpp">
      <Filter>02. Level\Logo</Filter>
    </ClCompile>
    <ClCompile Include="..\Private\Loader_Logo.cpp">
      <Filter>02. Level\Loader\Logo</Filter>
    </ClCompile>
    <ClCompile Include="..\Private\Dummy.cpp">
      <Filter>03. GameObject\Dummy</Filter>
    </ClCompile>
    <ClCompile Include="..\Private\Parser.cpp">
      <Filter>95. Parser</Filter>
    </ClCompile>
    <ClCompile Include="..\Private\Level_Test.cpp">
      <Filter>02. Level\Test</Filter>
    </ClCompile>
    <ClCompile Include="..\Private\MapObject.cpp">
      <Filter>03. GameObject\MapObject</Filter>
    </ClCompile>
    <ClCompile Include="..\Private\Loader_Test.cpp">
      <Filter>02. Level\Loader\Test</Filter>
    </ClCompile>
    <ClCompile Include="..\Private\Loader_GamePlay.cpp">
      <Filter>02. Level\Loader\GamePlay</Filter>
    </ClCompile>
    <ClCompile Include="..\Private\Level_GamePlay.cpp">
      <Filter>02. Level\GamePlay</Filter>
    </ClCompile>
    <ClCompile Include="..\private\ShadowDummy.cpp">
      <Filter>03. GameObject\Dummy</Filter>
    </ClCompile>
    <ClCompile Include="..\Private\GameSystem.cpp">
      <Filter>01. GameSystem</Filter>
    </ClCompile>
    <ClCompile Include="..\Private\AnimationDummy.cpp">
      <Filter>03. GameObject\Dummy</Filter>
    </ClCompile>
    <ClCompile Include="..\Private\Actor.cpp">
      <Filter>03. GameObject\Actor</Filter>
    </ClCompile>
    <ClCompile Include="..\Private\SpringCamera.cpp">
      <Filter>03. GameObject\Camera\Spring</Filter>
    </ClCompile>
    <ClCompile Include="..\Private\MonsterTest.cpp">
      <Filter>03. GameObject\Actor\Monster\MonsterTest</Filter>
    </ClCompile>
    <ClCompile Include="..\private\Animator_UI.cpp">
      <Filter>03. GameObject\UI\_Component</Filter>
    </ClCompile>
    <ClCompile Include="..\private\Level_Test_UI.cpp">
      <Filter>02. Level\Test</Filter>
    </ClCompile>
    <ClCompile Include="..\private\Loader_Test_UI.cpp">
      <Filter>02. Level\Loader\Test</Filter>
    </ClCompile>
    <ClCompile Include="..\private\UI_HUD.cpp">
      <Filter>03. GameObject\UI\Child_Containers\HUD</Filter>
    </ClCompile>
    <ClCompile Include="..\private\UI_Button.cpp">
      <Filter>03. GameObject\UI\_Parents\_SubParents</Filter>
    </ClCompile>
    <ClCompile Include="..\private\UI_Image.cpp">
      <Filter>03. GameObject\UI\_Parents\_SubParents</Filter>
    </ClCompile>
    <ClCompile Include="..\private\UI_Interact.cpp">
      <Filter>03. GameObject\UI\_Parents\_SubParents</Filter>
    </ClCompile>
    <ClCompile Include="..\private\UI_Text.cpp">
      <Filter>03. GameObject\UI\_Parents\_SubParents</Filter>
    </ClCompile>
    <ClCompile Include="..\private\Custom_UI.cpp">
      <Filter>03. GameObject\UI\_Parents</Filter>
    </ClCompile>
    <ClCompile Include="..\Private\Loader.cpp">
      <Filter>02. Level\Loader</Filter>
    </ClCompile>
    <ClCompile Include="..\Private\Augusta.cpp">
      <Filter>03. GameObject\Actor\Player\Augusta</Filter>
    </ClCompile>
    <ClCompile Include="..\Private\AirState.cpp">
      <Filter>03. GameObject\Actor\Player\State\Air</Filter>
    </ClCompile>
    <ClCompile Include="..\Private\CharacterState.cpp">
      <Filter>03. GameObject\Actor\Player\State\Character</Filter>
    </ClCompile>
    <ClCompile Include="..\Private\GroundState.cpp">
      <Filter>03. GameObject\Actor\Player\State\Ground</Filter>
    </ClCompile>
    <ClCompile Include="..\Private\HitState.cpp">
      <Filter>03. GameObject\Actor\Player\State\Hit</Filter>
    </ClCompile>
    <ClCompile Include="..\Private\ClimbState.cpp">
      <Filter>03. GameObject\Actor\Player\State\Climb</Filter>
    </ClCompile>
    <ClCompile Include="..\Private\AugustaGroundRun.cpp">
      <Filter>03. GameObject\Actor\Player\State\Ground\Augusta</Filter>
    </ClCompile>
    <ClCompile Include="..\Private\AugustaGroundDash.cpp">
      <Filter>03. GameObject\Actor\Player\State\Ground\Augusta</Filter>
    </ClCompile>
    <ClCompile Include="..\Private\AugustaGroundAttack.cpp">
      <Filter>03. GameObject\Actor\Player\State\Ground\Augusta</Filter>
    </ClCompile>
    <ClCompile Include="..\Private\AugustaGroundSkill.cpp">
      <Filter>03. GameObject\Actor\Player\State\Ground\Augusta</Filter>
    </ClCompile>
    <ClCompile Include="..\Private\AugustaGroundIdle.cpp">
      <Filter>03. GameObject\Actor\Player\State\Ground\Augusta</Filter>
    </ClCompile>
    <ClCompile Include="..\Private\AugustaGroundWalk.cpp">
      <Filter>03. GameObject\Actor\Player\State\Ground\Augusta</Filter>
    </ClCompile>
    <ClCompile Include="..\Private\AugustaAirJump.cpp">
      <Filter>03. GameObject\Actor\Player\State\Air\Augusta</Filter>
    </ClCompile>
    <ClCompile Include="..\Private\AugustaAirFall.cpp">
      <Filter>03. GameObject\Actor\Player\State\Air\Augusta</Filter>
    </ClCompile>
    <ClCompile Include="..\Private\AugustaGroundLand.cpp">
      <Filter>03. GameObject\Actor\Player\State\Ground\Augusta</Filter>
    </ClCompile>
    <ClCompile Include="..\Private\AugustaClimbMove.cpp">
      <Filter>03. GameObject\Actor\Player\State\Climb\Augusta</Filter>
    </ClCompile>
    <ClCompile Include="..\Private\AugustaClimbExit.cpp">
      <Filter>03. GameObject\Actor\Player\State\Climb\Augusta</Filter>
    </ClCompile>
    <ClCompile Include="..\Private\MonsterDummy.cpp">
      <Filter>03. GameObject\Dummy</Filter>
    </ClCompile>
    <ClCompile Include="..\Private\Factory.cpp">
      <Filter>94. Factory</Filter>
    </ClCompile>
    <ClCompile Include="..\Private\AugustaBayonet.cpp">
      <Filter>03. GameObject\Weapon\Augusta</Filter>
    </ClCompile>
    <ClCompile Include="..\Private\Prop.cpp">
      <Filter>03. GameObject\Weapon</Filter>
    </ClCompile>
    <ClCompile Include="..\Private\VIBuffer_Rect_Instance_UI.cpp">
      <Filter>02. Level\Loader\VIBuffer</Filter>
    </ClCompile>
    <ClCompile Include="..\Private\AugustaSkillWeapon.cpp">
      <Filter>03. GameObject\Weapon\Augusta</Filter>
    </ClCompile>
    <ClCompile Include="..\Private\AugustaGriffon.cpp">
      <Filter>03. GameObject\Weapon\Augusta</Filter>
    </ClCompile>
    <ClCompile Include="..\Private\AugustaGroundBurst.cpp">
      <Filter>03. GameObject\Actor\Player\State\Ground\Augusta</Filter>
    </ClCompile>
    <ClCompile Include="..\Private\AugustaAirAttack.cpp">
      <Filter>03. GameObject\Actor\Player\State\Air\Augusta</Filter>
    </ClCompile>
    <ClCompile Include="..\Private\AugustaAirSkill.cpp">
      <Filter>03. GameObject\Actor\Player\State\Air\Augusta</Filter>
    </ClCompile>
    <ClCompile Include="..\Private\AugustaGroundSpecial.cpp">
      <Filter>03. GameObject\Actor\Player\State\Ground\Augusta</Filter>
    </ClCompile>
    <ClCompile Include="..\Private\Particle.cpp">
      <Filter>03. GameObject\Effect\Prefab\Particle</Filter>
    </ClCompile>
    <ClCompile Include="..\Private\Trail_Mesh.cpp">
      <Filter>03. GameObject\Effect\Prefab\TrailMesh</Filter>
    </ClCompile>
    <ClCompile Include="..\Private\Effect_Prefab.cpp">
      <Filter>03. GameObject\Effect\Prefab</Filter>
    </ClCompile>
    <ClCompile Include="..\Private\Character.cpp">
      <Filter>03. GameObject\Actor\Player\Common</Filter>
    </ClCompile>
    <ClCompile Include="..\Private\Player.cpp">
      <Filter>03. GameObject\Actor\Player\Common</Filter>
    </ClCompile>
    <ClCompile Include="..\Private\PlayerFactory.cpp">
      <Filter>03. GameObject\Actor\Player\Common</Filter>
    </ClCompile>
    <ClCompile Include="..\Private\AugustaHit.cpp">
      <Filter>03. GameObject\Actor\Player\State\Hit\Augusta</Filter>
    </ClCompile>
    <ClCompile Include="..\Private\Rover.cpp">
      <Filter>03. GameObject\Actor\Player\Rover</Filter>
    </ClCompile>
    <ClCompile Include="..\Private\RoverFactory.cpp">
      <Filter>03. GameObject\Actor\Player\Rover</Filter>
    </ClCompile>
    <ClCompile Include="..\Private\RoverSword.cpp">
      <Filter>03. GameObject\Weapon\Augusta</Filter>
    </ClCompile>
    <ClCompile Include="CAttackVolume.cpp">
      <Filter>03. GameObject\Actor\Monster\MonsterTest\AttackVolume</Filter>
    </ClCompile>
    <ClCompile Include="..\Private\AugustaFactory.cpp">
      <Filter>03. GameObject\Actor\Player\Augusta</Filter>
    </ClCompile>
    <ClCompile Include="..\Private\Director.cpp">
      <Filter>01. GameSystem\Director</Filter>
    </ClCompile>
    <ClCompile Include="..\Private\RoverGroundIdle.cpp">
      <Filter>03. GameObject\Actor\Player\State\Ground\Rover</Filter>
    </ClCompile>
    <ClCompile Include="..\Private\RoverGroundRun.cpp">
      <Filter>03. GameObject\Actor\Player\State\Ground\Rover</Filter>
    </ClCompile>
    <ClCompile Include="..\Private\RoverAirJump.cpp">
      <Filter>03. GameObject\Actor\Player\State\Air\Rover</Filter>
    </ClCompile>
    <ClCompile Include="..\Private\RoverGroundLand.cpp">
      <Filter>03. GameObject\Actor\Player\State\Ground\Rover</Filter>
    </ClCompile>
    <ClCompile Include="..\Private\RoverAirFall.cpp">
      <Filter>03. GameObject\Actor\Player\State\Air\Rover</Filter>
    </ClCompile>
    <ClCompile Include="..\Private\RoverGroundDash.cpp">
      <Filter>03. GameObject\Actor\Player\State\Ground\Rover</Filter>
    </ClCompile>
    <ClCompile Include="..\Private\Wing.cpp">
      <Filter>03. GameObject\Weapon\Common</Filter>
    </ClCompile>
    <ClCompile Include="..\Private\AugustaAirFly.cpp">
      <Filter>03. GameObject\Actor\Player\State\Air\Augusta</Filter>
    </ClCompile>
    <ClCompile Include="..\private\HavocWarrior.cpp">
      <Filter>03. GameObject\Actor\Monster\HavocWarrior</Filter>
    </ClCompile>
    <ClCompile Include="..\Private\ElectroPredator.cpp">
      <Filter>03. GameObject\Actor\Monster\ElectroPredator</Filter>
    </ClCompile>
    <ClCompile Include="..\Private\Trigger_Box.cpp" />
    </ClCompile>
    <ClCompile Include="..\private\Ggobul.cpp">
      <Filter>03. GameObject\Actor\Monster\MonsterTest\Effect\Ggobul</Filter>
    </ClCompile>
  </ItemGroup>
  <ItemGroup>
    <ResourceCompile Include="Client.rc">
      <Filter>98. Default</Filter>
    </ResourceCompile>
  </ItemGroup>
  <ItemGroup>
    <FxCompile Include="..\Bin\ShaderFiles\Shader_VtxMesh.hlsl">
      <Filter>96. ShaderFiles</Filter>
    </FxCompile>
    <FxCompile Include="..\Bin\ShaderFiles\Shader_VtxPosTex.hlsl">
      <Filter>96. ShaderFiles</Filter>
    </FxCompile>
    <FxCompile Include="..\Bin\ShaderFiles\Shader_VtxAnimMesh.hlsl">
      <Filter>96. ShaderFiles</Filter>
    </FxCompile>
    <FxCompile Include="..\Bin\ShaderFiles\Shader_VtxInstance_PointParticle.hlsl">
      <Filter>96. ShaderFiles</Filter>
    </FxCompile>
    <FxCompile Include="..\Bin\ShaderFiles\Shader_VtxMesh_Instance.hlsl">
      <Filter>96. ShaderFiles</Filter>
    </FxCompile>
    <FxCompile Include="..\Bin\ShaderFiles\Shader_ParticleUpdate_CS.hlsl">
      <Filter>96. ShaderFiles</Filter>
    </FxCompile>
    <FxCompile Include="..\Bin\ShaderFiles\Shader_ComputeVtxAnimMesh.hlsl">
      <Filter>96. ShaderFiles</Filter>
    </FxCompile>
    <FxCompile Include="..\Bin\ShaderFiles\Shader_UI_VtxInstance.hlsl">
      <Filter>03. GameObject\UI\_Shader</Filter>
    </FxCompile>
    <FxCompile Include="..\Bin\ShaderFiles\Shader_UI_VtxPosTex.hlsl">
      <Filter>03. GameObject\UI\_Shader</Filter>
    </FxCompile>
    <FxCompile Include="..\Bin\ShaderFiles\Shader_VtxFXRect.hlsl">
      <Filter>96. ShaderFiles</Filter>
    </FxCompile>
  </ItemGroup>
  <ItemGroup>
    <FxCompile Include="..\Bin\ShaderFiles\Shader_VtxPoint.hlsl">
      <Filter>96. ShaderFiles</Filter>
    </FxCompile>
    <FxCompile Include="..\Bin\ShaderFiles\Shader_FXMeshUpdate_CS.hlsl">
      <Filter>96. ShaderFiles</Filter>
    </FxCompile>
    <FxCompile Include="..\Bin\ShaderFiles\Shader_VtxFXMesh_Instance.hlsl">
      <Filter>96. ShaderFiles</Filter>
    </FxCompile>
    <FxCompile Include="..\Bin\ShaderFiles\Shader_VtxTrailMesh.hlsl">
      <Filter>96. ShaderFiles</Filter>
    </FxCompile>
  </ItemGroup>
  <ItemGroup>
    <None Include="..\Bin\ShaderFiles\Shader_UI_State.hlsli">
      <Filter>03. GameObject\UI\_Shader</Filter>
    </None>
  </ItemGroup>
</Project>