<?xml version="1.0" encoding="utf-8"?>
<Project ToolsVersion="4.0" xmlns="http://schemas.microsoft.com/developer/msbuild/2003">
  <ItemGroup>
    <Filter Include="99. Define">
      <UniqueIdentifier>{33db81df-3e0d-4b89-bd53-3bcb8a958724}</UniqueIdentifier>
    </Filter>
    <Filter Include="98. Default">
      <UniqueIdentifier>{24ceb924-7bd4-46df-a031-7ec25c6814f0}</UniqueIdentifier>
    </Filter>
    <Filter Include="00. MainApp">
      <UniqueIdentifier>{dfee8a35-7e4b-4005-b6c6-9699e443dd3e}</UniqueIdentifier>
    </Filter>
    <Filter Include="97. Event">
      <UniqueIdentifier>{85395fa9-d5e3-4a77-b678-72151c522109}</UniqueIdentifier>
    </Filter>
    <Filter Include="96. ShaderFiles">
      <UniqueIdentifier>{b9d7925c-22c5-410d-8f88-cf03f8aae298}</UniqueIdentifier>
    </Filter>
    <Filter Include="95. Parser">
      <UniqueIdentifier>{621f1f92-3c6d-436d-8458-d6119a0a6bac}</UniqueIdentifier>
    </Filter>
    <Filter Include="01. GameSystem">
      <UniqueIdentifier>{cd6cad5a-495a-49c3-af05-693d9201b7e1}</UniqueIdentifier>
    </Filter>
    <Filter Include="02. Level">
      <UniqueIdentifier>{b01b3566-51f1-4db6-a534-d28cad40c43f}</UniqueIdentifier>
    </Filter>
    <Filter Include="02. Level\Loader">
      <UniqueIdentifier>{a3003ffb-35f7-4926-9b12-ec60ce604c61}</UniqueIdentifier>
    </Filter>
    <Filter Include="02. Level\Loader\Logo">
      <UniqueIdentifier>{df4cc516-d2e4-442f-8371-3c715762c7ed}</UniqueIdentifier>
    </Filter>
    <Filter Include="02. Level\Loader\Test">
      <UniqueIdentifier>{6788c395-5c8e-4b8c-bbe4-56116da35bc7}</UniqueIdentifier>
    </Filter>
    <Filter Include="02. Level\Loader\GamePlay">
      <UniqueIdentifier>{f5fad4f8-9dfd-46e7-b0da-c921dca7dbbf}</UniqueIdentifier>
    </Filter>
    <Filter Include="02. Level\Logo">
      <UniqueIdentifier>{09ca92e8-84e4-4bae-b41a-cc0c3b381fd4}</UniqueIdentifier>
    </Filter>
    <Filter Include="02. Level\GamePlay">
      <UniqueIdentifier>{d9c3f03c-a893-4b94-8763-b3c0352768d4}</UniqueIdentifier>
    </Filter>
    <Filter Include="02. Level\Loading">
      <UniqueIdentifier>{ea09dc8b-738b-4109-9807-a4235125cbc5}</UniqueIdentifier>
    </Filter>
    <Filter Include="02. Level\Test">
      <UniqueIdentifier>{6947a9ad-ad47-4103-b09e-1c5b2bc2e655}</UniqueIdentifier>
    </Filter>
    <Filter Include="03. GameObject">
      <UniqueIdentifier>{ce527bd7-ea68-4c49-b058-42e71473eeb1}</UniqueIdentifier>
    </Filter>
    <Filter Include="03. GameObject\Dummy">
      <UniqueIdentifier>{ed07c1bd-b2ef-4167-a5d6-d28e30bdb8b5}</UniqueIdentifier>
    </Filter>
    <Filter Include="03. GameObject\MapObject">
      <UniqueIdentifier>{040d8769-a965-4ca5-ae9c-fa3a893680fb}</UniqueIdentifier>
    </Filter>
    <Filter Include="03. GameObject\Actor">
      <UniqueIdentifier>{3751a3ce-7071-4ce5-8e29-f10ab8e03834}</UniqueIdentifier>
    </Filter>
    <Filter Include="03. GameObject\Actor\Player">
      <UniqueIdentifier>{fedaac66-9216-4df1-a561-1ebbe813bca3}</UniqueIdentifier>
    </Filter>
    <Filter Include="03. GameObject\Controller">
      <UniqueIdentifier>{49d9be5c-bc11-4fe1-914d-ba12dbb05df0}</UniqueIdentifier>
    </Filter>
    <Filter Include="04. Component">
      <UniqueIdentifier>{e4041359-2c23-4a5b-9c25-80592f1929d2}</UniqueIdentifier>
    </Filter>
    <Filter Include="04. Component\00. State">
      <UniqueIdentifier>{f4babc20-5042-4cd9-a2e4-06091bd1ed5b}</UniqueIdentifier>
    </Filter>
    <Filter Include="04. Component\01. Controller">
      <UniqueIdentifier>{1d16436e-bf6c-4cb1-934f-005edd36cacd}</UniqueIdentifier>
    </Filter>
    <Filter Include="04. Component\02. Parameter">
      <UniqueIdentifier>{14238100-86c1-4f12-b809-a3f7e50efe7f}</UniqueIdentifier>
    </Filter>
  </ItemGroup>
  <ItemGroup>
    <ClInclude Include="Client.h">
      <Filter>98. Default</Filter>
    </ClInclude>
    <ClInclude Include="framework.h">
      <Filter>98. Default</Filter>
    </ClInclude>
    <ClInclude Include="Resource.h">
      <Filter>98. Default</Filter>
    </ClInclude>
    <ClInclude Include="targetver.h">
      <Filter>98. Default</Filter>
    </ClInclude>
    <ClInclude Include="..\Public\MainApp.h">
      <Filter>00. MainApp</Filter>
    </ClInclude>
    <ClInclude Include="..\Public\ClientPch.h">
      <Filter>99. Define</Filter>
    </ClInclude>
    <ClInclude Include="..\Public\Client_Define.h">
      <Filter>99. Define</Filter>
    </ClInclude>
    <ClInclude Include="..\Public\Client_Enum.h">
      <Filter>99. Define</Filter>
    </ClInclude>
    <ClInclude Include="..\Public\Loader.h">
      <Filter>02. Level\Loader</Filter>
    </ClInclude>
    <ClInclude Include="..\Public\Level_Logo.h">
      <Filter>02. Level\Logo</Filter>
    </ClInclude>
    <ClInclude Include="..\Public\Level_Loading.h">
      <Filter>02. Level\Loading</Filter>
    </ClInclude>
    <ClInclude Include="..\Public\Event_Level.h">
      <Filter>97. Event</Filter>
    </ClInclude>
    <ClInclude Include="..\Public\Loader_Logo.h">
      <Filter>02. Level\Loader\Logo</Filter>
    </ClInclude>
    <ClInclude Include="..\Public\Dummy.h">
      <Filter>03. GameObject\Dummy</Filter>
    </ClInclude>
    <ClInclude Include="..\Public\Parser.h">
      <Filter>95. Parser</Filter>
    </ClInclude>
    <ClInclude Include="..\Public\Level_Test.h">
      <Filter>02. Level\Test</Filter>
    </ClInclude>
    <ClInclude Include="..\Public\MapObject.h">
      <Filter>03. GameObject\MapObject</Filter>
    </ClInclude>
    <ClInclude Include="..\Public\Loader_Test.h">
      <Filter>02. Level\Loader\Test</Filter>
    </ClInclude>
    <ClInclude Include="..\Public\Loader_GamePlay.h">
      <Filter>02. Level\Loader\GamePlay</Filter>
    </ClInclude>
    <ClInclude Include="..\Public\Level_GamePlay.h">
      <Filter>02. Level\GamePlay</Filter>
    </ClInclude>
    <ClInclude Include="..\public\ShadowDummy.h">
      <Filter>03. GameObject\Dummy</Filter>
    </ClInclude>
    <ClInclude Include="..\Public\GameSystem.h">
      <Filter>01. GameSystem</Filter>
    </ClInclude>
    <ClInclude Include="..\Public\MonsterTest.h" />
    <ClInclude Include="..\Public\AnimationDummy.h">
      <Filter>03. GameObject\Dummy</Filter>
    </ClInclude>
    <ClInclude Include="..\Public\Actor.h">
      <Filter>03. GameObject\Actor</Filter>
    </ClInclude>
    <ClInclude Include="..\Public\Player.h">
      <Filter>03. GameObject\Actor\Player</Filter>
    </ClInclude>
    <ClInclude Include="..\public\Player_Define.h">
      <Filter>03. GameObject\Actor\Player</Filter>
    </ClInclude>
    <ClInclude Include="..\Public\PlayerAugusta.h">
      <Filter>03. GameObject\Actor\Player</Filter>
    </ClInclude>
    <ClInclude Include="..\Public\PlayerManager.h">
      <Filter>03. GameObject\Actor\Player</Filter>
    </ClInclude>
    <ClInclude Include="..\Public\StateMachine.h">
      <Filter>04. Component\00. State</Filter>
    </ClInclude>
    <ClInclude Include="..\Public\State.h" />
    <ClInclude Include="..\Public\PlayerController.h">
      <Filter>04. Component\01. Controller</Filter>
    </ClInclude>
    <ClInclude Include="..\Public\Parameter.h">
      <Filter>04. Component\02. Parameter</Filter>
    </ClInclude>
  </ItemGroup>
  <ItemGroup>
    <Image Include="Client.ico">
      <Filter>98. Default</Filter>
    </Image>
    <Image Include="small.ico">
      <Filter>98. Default</Filter>
    </Image>
  </ItemGroup>
  <ItemGroup>
    <ClCompile Include="Client.cpp">
      <Filter>98. Default</Filter>
    </ClCompile>
    <ClCompile Include="..\Private\MainApp.cpp">
      <Filter>00. MainApp</Filter>
    </ClCompile>
    <ClCompile Include="..\Private\ClientPch.cpp">
      <Filter>99. Define</Filter>
    </ClCompile>
    <ClCompile Include="..\Private\Loader.cpp">
      <Filter>02. Level\Loader</Filter>
    </ClCompile>
    <ClCompile Include="..\Private\Level_Loading.cpp">
      <Filter>02. Level\Loading</Filter>
    </ClCompile>
    <ClCompile Include="..\Private\Level_Logo.cpp">
      <Filter>02. Level\Logo</Filter>
    </ClCompile>
    <ClCompile Include="..\Private\Loader_Logo.cpp">
      <Filter>02. Level\Loader\Logo</Filter>
    </ClCompile>
    <ClCompile Include="..\Private\Dummy.cpp">
      <Filter>03. GameObject\Dummy</Filter>
    </ClCompile>
    <ClCompile Include="..\Private\Parser.cpp">
      <Filter>95. Parser</Filter>
    </ClCompile>
    <ClCompile Include="..\Private\Level_Test.cpp">
      <Filter>02. Level\Test</Filter>
    </ClCompile>
    <ClCompile Include="..\Private\MapObject.cpp">
      <Filter>03. GameObject\MapObject</Filter>
    </ClCompile>
    <ClCompile Include="..\Private\Loader_Test.cpp">
      <Filter>02. Level\Loader\Test</Filter>
    </ClCompile>
    <ClCompile Include="..\Private\Loader_GamePlay.cpp">
      <Filter>02. Level\Loader\GamePlay</Filter>
    </ClCompile>
    <ClCompile Include="..\Private\Level_GamePlay.cpp">
      <Filter>02. Level\GamePlay</Filter>
    </ClCompile>
    <ClCompile Include="..\private\ShadowDummy.cpp">
      <Filter>03. GameObject\Dummy</Filter>
    </ClCompile>
    <ClCompile Include="..\Private\GameSystem.cpp">
      <Filter>01. GameSystem</Filter>
    </ClCompile>
    <ClCompile Include="..\Private\MonsterTest.cpp" />
    <ClCompile Include="..\Private\AnimationDummy.cpp">
      <Filter>03. GameObject\Dummy</Filter>
    </ClCompile>
    <ClCompile Include="..\Private\Actor.cpp">
      <Filter>03. GameObject\Actor</Filter>
    </ClCompile>
    <ClCompile Include="..\Private\Player.cpp">
      <Filter>03. GameObject\Actor\Player</Filter>
    </ClCompile>
    <ClCompile Include="..\Private\PlayerAugusta.cpp">
      <Filter>03. GameObject\Actor\Player</Filter>
    </ClCompile>
    <ClCompile Include="..\Private\PlayerManager.cpp">
      <Filter>03. GameObject\Actor\Player</Filter>
    </ClCompile>
    <ClCompile Include="..\Private\StateMachine.cpp">
      <Filter>04. Component\00. State</Filter>
    </ClCompile>
    <ClCompile Include="..\Private\State.cpp" />
    <ClCompile Include="..\Private\PlayerController.cpp">
      <Filter>04. Component\01. Controller</Filter>
    </ClCompile>
    <ClCompile Include="..\Private\Parameter.cpp">
      <Filter>04. Component\02. Parameter</Filter>
    </ClCompile>
  </ItemGroup>
  <ItemGroup>
    <ResourceCompile Include="Client.rc">
      <Filter>98. Default</Filter>
    </ResourceCompile>
  </ItemGroup>
  <ItemGroup>
    <FxCompile Include="..\Bin\ShaderFiles\Shader_VtxMesh.hlsl">
      <Filter>96. ShaderFiles</Filter>
    </FxCompile>
    <FxCompile Include="..\Bin\ShaderFiles\Shader_VtxPosTex.hlsl">
      <Filter>96. ShaderFiles</Filter>
    </FxCompile>
    <FxCompile Include="..\Bin\ShaderFiles\Shader_VtxAnimMesh.hlsl">
      <Filter>96. ShaderFiles</Filter>
    </FxCompile>
    <FxCompile Include="..\Bin\ShaderFiles\Shader_VtxInstance_PointParticle.hlsl">
      <Filter>96. ShaderFiles</Filter>
    </FxCompile>
    <FxCompile Include="..\Bin\ShaderFiles\Shader_VtxMesh_Instance.hlsl">
      <Filter>96. ShaderFiles</Filter>
    </FxCompile>
    <FxCompile Include="..\Bin\ShaderFiles\Shader_ParticleUpdate_CS.hlsl">
      <Filter>96. ShaderFiles</Filter>
    </FxCompile>
    <FxCompile Include="..\Bin\ShaderFiles\Shader_ComputeVtxAnimMesh.hlsl">
      <Filter>96. ShaderFiles</Filter>
    </FxCompile>
    <FxCompile Include="..\Bin\ShaderFiles\Shader_VtxPoint.hlsl">
      <Filter>96. ShaderFiles</Filter>
    </FxCompile>
  </ItemGroup>
</Project>