<?xml version="1.0" encoding="utf-8"?>
<Project ToolsVersion="4.0" xmlns="http://schemas.microsoft.com/developer/msbuild/2003">
  <ItemGroup>
    <Filter Include="98. Default">
      <UniqueIdentifier>{3dfde732-6c59-4ad9-b523-70d76df69a29}</UniqueIdentifier>
    </Filter>
    <Filter Include="99. Define">
      <UniqueIdentifier>{732253f7-81b7-4749-a561-d0933d068347}</UniqueIdentifier>
    </Filter>
    <Filter Include="00. EditorApp">
      <UniqueIdentifier>{9638c829-a88c-443d-9e3c-1f7bd614e9e9}</UniqueIdentifier>
    </Filter>
    <Filter Include="97. Event">
      <UniqueIdentifier>{04d5f5cd-8ded-487c-b94c-5faa3bd733f4}</UniqueIdentifier>
    </Filter>
    <Filter Include="01. Level">
      <UniqueIdentifier>{f5a1beda-663b-4398-9fe1-e8db78d82c7b}</UniqueIdentifier>
    </Filter>
    <Filter Include="01. Level\Edit">
      <UniqueIdentifier>{79d0f649-1e9f-4bdd-9f15-13a2469a8d43}</UniqueIdentifier>
    </Filter>
    <Filter Include="01. Level\Shader">
      <UniqueIdentifier>{b0e8ae58-0f4b-4c6a-8b3a-e3a210f41ef7}</UniqueIdentifier>
    </Filter>
    <Filter Include="01. Level\Effect">
      <UniqueIdentifier>{f4aa0a89-a2f3-4990-b59a-18bc03fb3cfe}</UniqueIdentifier>
    </Filter>
    <Filter Include="01. Level\Map">
      <UniqueIdentifier>{c6148559-fc43-4b25-b1d8-64c1351feab2}</UniqueIdentifier>
    </Filter>
    <Filter Include="01. Level\UI">
      <UniqueIdentifier>{462d5121-ab97-4cd9-9f72-1383b46c5133}</UniqueIdentifier>
    </Filter>
    <Filter Include="01. Level\UI\Temp Props">
      <UniqueIdentifier>{95123eb5-a89e-4ad2-943b-6e889793fe28}</UniqueIdentifier>
    </Filter>
    <Filter Include="02. ModelLoader">
      <UniqueIdentifier>{db7fc10f-8c21-4931-995b-434b4bf0263d}</UniqueIdentifier>
    </Filter>
    <Filter Include="01. Level\UI\Temp Props\Temp Shader">
      <UniqueIdentifier>{d637f06b-45b4-4721-88ec-ab3eea943955}</UniqueIdentifier>
    </Filter>
    <Filter Include="03. GameObject">
      <UniqueIdentifier>{de0fe91c-5209-4722-8a86-e489175325f8}</UniqueIdentifier>
    </Filter>
    <Filter Include="01. Level\Anim">
      <UniqueIdentifier>{9b7ad361-c799-4838-a5fd-daa9fca538a1}</UniqueIdentifier>
    </Filter>
    <Filter Include="01. Level\Anim\Tool">
      <UniqueIdentifier>{d85a380d-6291-4d80-82cd-144b8717416c}</UniqueIdentifier>
    </Filter>
    <Filter Include="03. GameObject\Actor">
      <UniqueIdentifier>{9c95090d-76d9-420a-9c10-93a9be039151}</UniqueIdentifier>
    </Filter>
    <Filter Include="03. GameObject\Actor\Anim">
      <UniqueIdentifier>{9619ec0a-9481-4a6d-841b-d15795f22a0d}</UniqueIdentifier>
    </Filter>
    <Filter Include="03. GameObject\MapObject">
      <UniqueIdentifier>{37459326-e791-4800-8124-a7fc6a5fbe15}</UniqueIdentifier>
    </Filter>
    <Filter Include="01. Level\UI\Temp Props\Temp Object">
      <UniqueIdentifier>{a6fc9ea8-8c8e-40c2-8cce-41af32e1cac1}</UniqueIdentifier>
    </Filter>
    <Filter Include="01. Level\UI\Temp Props\Temp Component">
      <UniqueIdentifier>{7113c53c-3cf4-458b-94e1-6ab78b5811b9}</UniqueIdentifier>
    </Filter>
    <Filter Include="01. Level\Effect\Particle">
      <UniqueIdentifier>{2a0944a9-b39e-4557-96c5-e4bced5aac12}</UniqueIdentifier>
    </Filter>
    <Filter Include="01. Level\Effect\Controller">
      <UniqueIdentifier>{e7fbc4f1-3a95-49f0-9400-b73a8259ca3e}</UniqueIdentifier>
    </Filter>
    <Filter Include="01. Level\Effect\Effect_Controller">
      <UniqueIdentifier>{25ff35f3-c9b6-46fb-b8ba-b5d0ab5959d9}</UniqueIdentifier>
    </Filter>
    <Filter Include="01. Level\Effect\Effect_Controller\Effect_Prefab">
      <UniqueIdentifier>{774ff9b9-e035-4e09-a1cc-28229109e0fd}</UniqueIdentifier>
    </Filter>
    <Filter Include="01. Level\Effect\Effect_Controller\Particle_Controller">
      <UniqueIdentifier>{2b2fad62-1edf-4bd6-9a2a-458a7f630978}</UniqueIdentifier>
    </Filter>
    <Filter Include="01. Level\Effect\Effect_Controller\Particle_Controller\Particle">
      <UniqueIdentifier>{2a0944a9-b39e-4557-96c5-e4bced5aac12}</UniqueIdentifier>
    </Filter>
    <Filter Include="96. Interface">
      <UniqueIdentifier>{38ba9fe0-934e-46d0-9236-736886be424d}</UniqueIdentifier>
    </Filter>
    <Filter Include="96. Interface\Shader">
      <UniqueIdentifier>{21eca06b-421e-485e-9750-c3ffa52c827e}</UniqueIdentifier>
    </Filter>
    <Filter Include="03. GameObject\Dummy">
      <UniqueIdentifier>{8bda64fb-8c84-43cf-aeba-bf18fe387c1d}</UniqueIdentifier>
    </Filter>
    <Filter Include="03. GameObject\Dummy\Wolf">
      <UniqueIdentifier>{c0bf34ec-7cee-42c3-9edb-a381b63719df}</UniqueIdentifier>
    </Filter>
    <Filter Include="01. Level\Camera">
      <UniqueIdentifier>{d283c436-c990-447a-bf81-d5b355c034dd}</UniqueIdentifier>
    </Filter>
    <Filter Include="96. Interface\Camera">
      <UniqueIdentifier>{978c092b-586e-4a0d-b07d-3f8d454f78d6}</UniqueIdentifier>
    </Filter>
    <Filter Include="03. GameObject\Camera">
      <UniqueIdentifier>{8390f353-e799-4f6f-bfd6-a7718826e6e9}</UniqueIdentifier>
    </Filter>
    <Filter Include="03. GameObject\Camera\Action">
      <UniqueIdentifier>{bfd1b2ba-66c1-4aba-998e-ff6db6deb0c8}</UniqueIdentifier>
    </Filter>
    <Filter Include="03. GameObject\Dummy\Augusta">
      <UniqueIdentifier>{e3b0fe7a-92fa-4d49-9339-e575e6ab1be3}</UniqueIdentifier>
    </Filter>
    <Filter Include="01. Level\StateMachine">
      <UniqueIdentifier>{cb31a44c-e4ba-40b8-9e45-14e9d8e0e9be}</UniqueIdentifier>
    </Filter>
    <Filter Include="96. Interface\StateMachine">
      <UniqueIdentifier>{d30d9ac5-e7ba-40a0-a9c6-e7559e971818}</UniqueIdentifier>
    </Filter>
    <Filter Include="96. Interface\Map">
      <UniqueIdentifier>{4bd189de-803f-4b9d-acea-690d376b0d31}</UniqueIdentifier>
    </Filter>
    <Filter Include="03. GameObject\MapObject\Brush">
      <UniqueIdentifier>{4778d04b-2c4b-4128-ba74-01a5ae1afb96}</UniqueIdentifier>
    </Filter>
    <Filter Include="03. GameObject\MapObject\Light">
      <UniqueIdentifier>{db0c8029-72af-4f1e-9e5b-ccfe1d547f0a}</UniqueIdentifier>
    </Filter>
    <Filter Include="03. GameObject\MapObject\PreView">
      <UniqueIdentifier>{4e151d40-03f1-4157-9d26-b544a6224106}</UniqueIdentifier>
    </Filter>
    <Filter Include="03. GameObject\Dummy\Map">
      <UniqueIdentifier>{c0abfd4d-8622-45a6-8c1d-49ec5cf5026a}</UniqueIdentifier>
    </Filter>
  </ItemGroup>
  <ItemGroup>
    <ClInclude Include="Editor.h">
      <Filter>98. Default</Filter>
    </ClInclude>
    <ClInclude Include="framework.h">
      <Filter>98. Default</Filter>
    </ClInclude>
    <ClInclude Include="Resource.h">
      <Filter>98. Default</Filter>
    </ClInclude>
    <ClInclude Include="targetver.h">
      <Filter>98. Default</Filter>
    </ClInclude>
    <ClInclude Include="..\Public\Editor_Define.h">
      <Filter>99. Define</Filter>
    </ClInclude>
    <ClInclude Include="..\Public\Editor_Enum.h">
      <Filter>99. Define</Filter>
    </ClInclude>
    <ClInclude Include="..\Public\EditorPch.h">
      <Filter>99. Define</Filter>
    </ClInclude>
    <ClInclude Include="..\Public\Event_Level.h">
      <Filter>97. Event</Filter>
    </ClInclude>
    <ClInclude Include="..\Public\Level_Edit.h">
      <Filter>01. Level\Edit</Filter>
    </ClInclude>
    <ClInclude Include="..\Public\Level_UI.h">
      <Filter>01. Level\UI</Filter>
    </ClInclude>
    <ClInclude Include="..\Public\Level_Shader.h">
      <Filter>01. Level\Shader</Filter>
    </ClInclude>
    <ClInclude Include="..\Public\Level_Effect.h">
      <Filter>01. Level\Effect</Filter>
    </ClInclude>
    <ClInclude Include="..\Public\Level_Map.h">
      <Filter>01. Level\Map</Filter>
    </ClInclude>
    <ClInclude Include="..\Public\ModelLoader.h">
      <Filter>02. ModelLoader</Filter>
    </ClInclude>
    <ClInclude Include="..\Public\EditorApp.h">
      <Filter>00. EditorApp</Filter>
    </ClInclude>
    <ClInclude Include="..\Public\Level_Animation.h">
      <Filter>01. Level\Anim</Filter>
    </ClInclude>
    <ClInclude Include="..\Public\AnimationTool.h">
      <Filter>01. Level\Anim\Tool</Filter>
    </ClInclude>
    <ClInclude Include="..\Public\AnimationActor.h">
      <Filter>03. GameObject\Actor\Anim</Filter>
    </ClInclude>
    <ClInclude Include="..\Public\AnimNotifyTool.h">
      <Filter>01. Level\Anim\Tool</Filter>
    </ClInclude>
    <ClInclude Include="..\Public\Particle.h">
      <Filter>01. Level\Effect\Effect_Controller\Particle_Controller\Particle</Filter>
    </ClInclude>
    <ClInclude Include="..\Public\Edit_MapObject_Instance.h">
      <Filter>03. GameObject\MapObject</Filter>
    </ClInclude>
    <ClInclude Include="..\Public\Edit_MapObject.h">
      <Filter>03. GameObject\MapObject</Filter>
    </ClInclude>
    <ClInclude Include="..\Public\Effect_Prefab.h">
      <Filter>01. Level\Effect\Effect_Controller\Effect_Prefab</Filter>
    </ClInclude>
    <ClInclude Include="..\Public\Effect_Controller.h">
      <Filter>01. Level\Effect\Effect_Controller</Filter>
    </ClInclude>
    <ClInclude Include="..\Public\AnimNotifyDefine.h">
      <Filter>01. Level\Anim\Tool</Filter>
    </ClInclude>
    <ClInclude Include="..\public\Custom_UI.h">
      <Filter>01. Level\UI\Temp Props\Temp Object</Filter>
    </ClInclude>
    <ClInclude Include="..\public\Animator_UI.h">
      <Filter>01. Level\UI\Temp Props\Temp Component</Filter>
    </ClInclude>
    <ClInclude Include="..\Public\Particle_Controller.h">
      <Filter>01. Level\Effect\Controller</Filter>
    </ClInclude>
    <ClInclude Include="..\Public\Effect_Prefab.h">
      <Filter>01. Level\Effect\Effect_Controller\Effect_Prefab</Filter>
    </ClInclude>
    <ClInclude Include="..\Public\Interface_Edit.h">
      <Filter>96. Interface</Filter>
    </ClInclude>
    <ClInclude Include="..\Public\Particle_Controller.h">
      <Filter>01. Level\Effect\Effect_Controller\Particle_Controller</Filter>
    </ClInclude>
    <ClInclude Include="..\public\Shader_Interface.h">
      <Filter>96. Interface\Shader</Filter>
    </ClInclude>
    <ClInclude Include="..\public\EditDummy.h">
      <Filter>03. GameObject\Dummy</Filter>
    </ClInclude>
    <ClInclude Include="..\public\EditDummy_Wolf.h">
      <Filter>03. GameObject\Dummy\Wolf</Filter>
    </ClInclude>
    <ClInclude Include="..\Public\Level_Camera.h">
      <Filter>01. Level\Camera</Filter>
    </ClInclude>
    <ClInclude Include="..\Public\Camera_Interface.h">
      <Filter>96. Interface\Camera</Filter>
    </ClInclude>
    <ClInclude Include="..\Public\SpringCamera_Edit.h">
      <Filter>03. GameObject\Camera\Action</Filter>
    </ClInclude>
    <ClInclude Include="..\public\EditDummy_Augusta.h">
      <Filter>03. GameObject\Dummy\Augusta</Filter>
    </ClInclude>
    <ClInclude Include="..\Public\Level_ASM.h">
      <Filter>01. Level\StateMachine</Filter>
    </ClInclude>
    <ClInclude Include="..\Public\ASM_Interface.h">
      <Filter>96. Interface\StateMachine</Filter>
    </ClInclude>
    <ClInclude Include="..\Public\Map_Interface.h">
      <Filter>96. Interface\Map</Filter>
    </ClInclude>
    <ClInclude Include="..\Public\Edit_Brush.h">
      <Filter>03. GameObject\MapObject\Brush</Filter>
    </ClInclude>
    <ClInclude Include="..\Public\Edit_LightObject.h">
      <Filter>03. GameObject\MapObject\Light</Filter>
    </ClInclude>
    <ClInclude Include="..\Public\Edit_PreViewModel.h">
      <Filter>03. GameObject\MapObject\PreView</Filter>
    </ClInclude>
    <ClInclude Include="..\Public\EditDummy_Map.h">
      <Filter>03. GameObject\Dummy\Map</Filter>
    </ClInclude>
  </ItemGroup>
  <ItemGroup>
    <Image Include="Editor.ico">
      <Filter>98. Default</Filter>
    </Image>
    <Image Include="small.ico">
      <Filter>98. Default</Filter>
    </Image>
  </ItemGroup>
  <ItemGroup>
    <ResourceCompile Include="Editor.rc">
      <Filter>98. Default</Filter>
    </ResourceCompile>
  </ItemGroup>
  <ItemGroup>
    <ClCompile Include="Editor.cpp">
      <Filter>98. Default</Filter>
    </ClCompile>
    <ClCompile Include="..\Private\EditorApp.cpp">
      <Filter>00. EditorApp</Filter>
    </ClCompile>
    <ClCompile Include="..\Private\EditorPch.cpp">
      <Filter>99. Define</Filter>
    </ClCompile>
    <ClCompile Include="..\Private\Level_Edit.cpp">
      <Filter>01. Level\Edit</Filter>
    </ClCompile>
    <ClCompile Include="..\Private\Level_Shader.cpp">
      <Filter>01. Level\Shader</Filter>
    </ClCompile>
    <ClCompile Include="..\Private\Level_Effect.cpp">
      <Filter>01. Level\Effect</Filter>
    </ClCompile>
    <ClCompile Include="..\Private\Level_Map.cpp">
      <Filter>01. Level\Map</Filter>
    </ClCompile>
    <ClCompile Include="..\Private\Level_UI.cpp">
      <Filter>01. Level\UI</Filter>
    </ClCompile>
    <ClCompile Include="..\Private\ModelLoader.cpp">
      <Filter>02. ModelLoader</Filter>
    </ClCompile>
    <ClCompile Include="..\Private\Level_Animation.cpp">
      <Filter>01. Level\Anim</Filter>
    </ClCompile>
    <ClCompile Include="..\Private\AnimationTool.cpp">
      <Filter>01. Level\Anim\Tool</Filter>
    </ClCompile>
    <ClCompile Include="..\Private\AnimationActor.cpp">
      <Filter>03. GameObject\Actor\Anim</Filter>
    </ClCompile>
    <ClCompile Include="..\Private\AnimNotifyTool.cpp">
      <Filter>01. Level\Anim\Tool</Filter>
    </ClCompile>
    <ClCompile Include="..\Private\Edit_MapObject_Instance.cpp">
      <Filter>03. GameObject\MapObject</Filter>
    </ClCompile>
    <ClCompile Include="..\private\Custom_UI.cpp">
      <Filter>01. Level\UI\Temp Props\Temp Object</Filter>
    </ClCompile>
    <ClCompile Include="..\private\Animator_UI.cpp">
      <Filter>01. Level\UI\Temp Props\Temp Component</Filter>
    </ClCompile>
    <ClCompile Include="..\Private\Edit_MapObject.cpp">
      <Filter>03. GameObject\MapObject</Filter>
    </ClCompile>
    <ClCompile Include="..\Private\Effect_Prefab.cpp">
      <Filter>01. Level\Effect\Effect_Controller\Effect_Prefab</Filter>
    </ClCompile>
    <ClCompile Include="..\Private\Effect_Controller.cpp">
      <Filter>01. Level\Effect\Effect_Controller</Filter>
    </ClCompile>
    <ClCompile Include="..\Private\Particle_Controller.cpp">
      <Filter>01. Level\Effect\Effect_Controller\Particle_Controller</Filter>
    </ClCompile>
    <ClCompile Include="..\Private\Interface_Edit.cpp">
      <Filter>96. Interface</Filter>
    </ClCompile>
    <ClCompile Include="..\private\Shader_Interface.cpp">
      <Filter>96. Interface\Shader</Filter>
    </ClCompile>
    <ClCompile Include="..\private\EditDummy.cpp">
      <Filter>03. GameObject\Dummy</Filter>
    </ClCompile>
    <ClCompile Include="..\private\EditDummy_Wolf.cpp">
      <Filter>03. GameObject\Dummy\Wolf</Filter>
    </ClCompile>
    <ClCompile Include="..\Private\Level_Camera.cpp">
      <Filter>01. Level\Camera</Filter>
    </ClCompile>
    <ClCompile Include="..\Private\Camera_Interface.cpp">
      <Filter>96. Interface\Camera</Filter>
    </ClCompile>
    <ClCompile Include="..\Private\SpringCamera_Edit.cpp">
      <Filter>03. GameObject\Camera\Action</Filter>
    </ClCompile>
    <ClCompile Include="..\private\EditDummy_Augusta.cpp">
      <Filter>03. GameObject\Dummy\Augusta</Filter>
    </ClCompile>
    <ClCompile Include="..\Private\Level_ASM.cpp">
      <Filter>01. Level\StateMachine</Filter>
    </ClCompile>
    <ClCompile Include="..\Private\ASM_Interface.cpp">
      <Filter>96. Interface\StateMachine</Filter>
    </ClCompile>
    <ClCompile Include="..\Private\Map_Interface.cpp">
      <Filter>96. Interface\Map</Filter>
    </ClCompile>
    <ClCompile Include="..\Private\Edit_Brush.cpp">
      <Filter>03. GameObject\MapObject\Brush</Filter>
    </ClCompile>
    <ClCompile Include="..\Private\Edit_LightObject.cpp">
      <Filter>03. GameObject\MapObject\Light</Filter>
    </ClCompile>
    <ClCompile Include="..\Private\Edit_PreViewModel.cpp">
      <Filter>03. GameObject\MapObject\PreView</Filter>
    </ClCompile>
    <ClCompile Include="..\Private\EditDummy_Map.cpp">
      <Filter>03. GameObject\Dummy\Map</Filter>
    </ClCompile>
  </ItemGroup>
  <ItemGroup>
    <FxCompile Include="..\Bin\ShaderFiles\Editor_Shader_VtxPosTex.hlsl">
      <Filter>01. Level\UI\Temp Props\Temp Shader</Filter>
    </FxCompile>
    <ClCompile Include="..\Private\Particle.cpp">
      <Filter>01. Level\Effect\Effect_Controller\Particle_Controller\Particle</Filter>
    </ClCompile>
  </ItemGroup>
</Project>