<?xml version="1.0" encoding="utf-8"?>
<Project ToolsVersion="4.0" xmlns="http://schemas.microsoft.com/developer/msbuild/2003">
  <ItemGroup>
    <Filter Include="98. Default">
      <UniqueIdentifier>{3dfde732-6c59-4ad9-b523-70d76df69a29}</UniqueIdentifier>
    </Filter>
    <Filter Include="99. Define">
      <UniqueIdentifier>{732253f7-81b7-4749-a561-d0933d068347}</UniqueIdentifier>
    </Filter>
    <Filter Include="00. EditorApp">
      <UniqueIdentifier>{9638c829-a88c-443d-9e3c-1f7bd614e9e9}</UniqueIdentifier>
    </Filter>
    <Filter Include="97. Event">
      <UniqueIdentifier>{04d5f5cd-8ded-487c-b94c-5faa3bd733f4}</UniqueIdentifier>
    </Filter>
    <Filter Include="01. Level">
      <UniqueIdentifier>{f5a1beda-663b-4398-9fe1-e8db78d82c7b}</UniqueIdentifier>
    </Filter>
    <Filter Include="01. Level\Edit">
      <UniqueIdentifier>{79d0f649-1e9f-4bdd-9f15-13a2469a8d43}</UniqueIdentifier>
    </Filter>
    <Filter Include="01. Level\Shader">
      <UniqueIdentifier>{b0e8ae58-0f4b-4c6a-8b3a-e3a210f41ef7}</UniqueIdentifier>
    </Filter>
    <Filter Include="01. Level\Effect">
      <UniqueIdentifier>{f4aa0a89-a2f3-4990-b59a-18bc03fb3cfe}</UniqueIdentifier>
    </Filter>
    <Filter Include="01. Level\Map">
      <UniqueIdentifier>{c6148559-fc43-4b25-b1d8-64c1351feab2}</UniqueIdentifier>
    </Filter>
    <Filter Include="01. Level\UI">
      <UniqueIdentifier>{462d5121-ab97-4cd9-9f72-1383b46c5133}</UniqueIdentifier>
    </Filter>
    <Filter Include="01. Level\UI\Temp Props">
      <UniqueIdentifier>{95123eb5-a89e-4ad2-943b-6e889793fe28}</UniqueIdentifier>
    </Filter>
    <Filter Include="02. ModelLoader">
      <UniqueIdentifier>{db7fc10f-8c21-4931-995b-434b4bf0263d}</UniqueIdentifier>
    </Filter>
    <Filter Include="01. Level\UI\Temp Props\Temp Shader">
      <UniqueIdentifier>{d637f06b-45b4-4721-88ec-ab3eea943955}</UniqueIdentifier>
    </Filter>
    <Filter Include="03. GameObject">
      <UniqueIdentifier>{de0fe91c-5209-4722-8a86-e489175325f8}</UniqueIdentifier>
    </Filter>
    <Filter Include="01. Level\Anim">
      <UniqueIdentifier>{9b7ad361-c799-4838-a5fd-daa9fca538a1}</UniqueIdentifier>
    </Filter>
    <Filter Include="01. Level\Anim\Tool">
      <UniqueIdentifier>{d85a380d-6291-4d80-82cd-144b8717416c}</UniqueIdentifier>
    </Filter>
    <Filter Include="03. GameObject\Actor">
      <UniqueIdentifier>{9c95090d-76d9-420a-9c10-93a9be039151}</UniqueIdentifier>
    </Filter>
    <Filter Include="03. GameObject\Actor\Anim">
      <UniqueIdentifier>{9619ec0a-9481-4a6d-841b-d15795f22a0d}</UniqueIdentifier>
    </Filter>
    <Filter Include="03. GameObject\MapObject">
      <UniqueIdentifier>{37459326-e791-4800-8124-a7fc6a5fbe15}</UniqueIdentifier>
    </Filter>
  </ItemGroup>
  <ItemGroup>
    <ClInclude Include="Editor.h">
      <Filter>98. Default</Filter>
    </ClInclude>
    <ClInclude Include="framework.h">
      <Filter>98. Default</Filter>
    </ClInclude>
    <ClInclude Include="Resource.h">
      <Filter>98. Default</Filter>
    </ClInclude>
    <ClInclude Include="targetver.h">
      <Filter>98. Default</Filter>
    </ClInclude>
    <ClInclude Include="..\Public\Editor_Define.h">
      <Filter>99. Define</Filter>
    </ClInclude>
    <ClInclude Include="..\Public\Editor_Enum.h">
      <Filter>99. Define</Filter>
    </ClInclude>
    <ClInclude Include="..\Public\EditorPch.h">
      <Filter>99. Define</Filter>
    </ClInclude>
    <ClInclude Include="..\Public\Event_Level.h">
      <Filter>97. Event</Filter>
    </ClInclude>
    <ClInclude Include="..\Public\Level_Edit.h">
      <Filter>01. Level\Edit</Filter>
    </ClInclude>
    <ClInclude Include="..\Public\Level_UI.h">
      <Filter>01. Level\UI</Filter>
    </ClInclude>
    <ClInclude Include="..\Public\Level_Shader.h">
      <Filter>01. Level\Shader</Filter>
    </ClInclude>
    <ClInclude Include="..\Public\Level_Effect.h">
      <Filter>01. Level\Effect</Filter>
    </ClInclude>
    <ClInclude Include="..\Public\Level_Map.h">
      <Filter>01. Level\Map</Filter>
    </ClInclude>
    <ClInclude Include="..\public\Custom_UI.h">
      <Filter>01. Level\UI\Temp Props</Filter>
    </ClInclude>
    <ClInclude Include="..\Public\ModelLoader.h">
      <Filter>02. ModelLoader</Filter>
    </ClInclude>
    <ClInclude Include="..\Public\EditorApp.h">
      <Filter>00. EditorApp</Filter>
    </ClInclude>
    <ClInclude Include="..\Public\Level_Animation.h">
      <Filter>01. Level\Anim</Filter>
    </ClInclude>
    <ClInclude Include="..\Public\AnimationTool.h">
      <Filter>01. Level\Anim\Tool</Filter>
    </ClInclude>
    <ClInclude Include="..\Public\AnimationActor.h">
      <Filter>03. GameObject\Actor\Anim</Filter>
    </ClInclude>
    <ClInclude Include="..\Public\MapObject.h">
      <Filter>03. GameObject\MapObject</Filter>
    </ClInclude>
  </ItemGroup>
  <ItemGroup>
    <Image Include="Editor.ico">
      <Filter>98. Default</Filter>
    </Image>
    <Image Include="small.ico">
      <Filter>98. Default</Filter>
    </Image>
  </ItemGroup>
  <ItemGroup>
    <ResourceCompile Include="Editor.rc">
      <Filter>98. Default</Filter>
    </ResourceCompile>
  </ItemGroup>
  <ItemGroup>
    <ClCompile Include="Editor.cpp">
      <Filter>98. Default</Filter>
    </ClCompile>
    <ClCompile Include="..\Private\EditorApp.cpp">
      <Filter>00. EditorApp</Filter>
    </ClCompile>
    <ClCompile Include="..\Private\EditorPch.cpp">
      <Filter>99. Define</Filter>
    </ClCompile>
    <ClCompile Include="..\Private\Level_Edit.cpp">
      <Filter>01. Level\Edit</Filter>
    </ClCompile>
    <ClCompile Include="..\Private\Level_Shader.cpp">
      <Filter>01. Level\Shader</Filter>
    </ClCompile>
    <ClCompile Include="..\Private\Level_Effect.cpp">
      <Filter>01. Level\Effect</Filter>
    </ClCompile>
    <ClCompile Include="..\Private\Level_Map.cpp">
      <Filter>01. Level\Map</Filter>
    </ClCompile>
    <ClCompile Include="..\Private\Level_UI.cpp">
      <Filter>01. Level\UI</Filter>
    </ClCompile>
    <ClCompile Include="..\private\Custom_UI.cpp">
      <Filter>01. Level\UI\Temp Props</Filter>
    </ClCompile>
    <ClCompile Include="..\Private\ModelLoader.cpp">
      <Filter>02. ModelLoader</Filter>
    </ClCompile>
    <ClCompile Include="..\Private\Level_Animation.cpp">
      <Filter>01. Level\Anim</Filter>
    </ClCompile>
    <ClCompile Include="..\Private\AnimationTool.cpp">
      <Filter>01. Level\Anim\Tool</Filter>
    </ClCompile>
    <ClCompile Include="..\Private\AnimationActor.cpp">
      <Filter>03. GameObject\Actor\Anim</Filter>
    </ClCompile>
    <ClCompile Include="..\Private\MapObject.cpp">
      <Filter>03. GameObject\MapObject</Filter>
    </ClCompile>
  </ItemGroup>
  <ItemGroup>
    <FxCompile Include="..\Bin\ShaderFiles\Editor_Shader_VtxPosTex.hlsl">
      <Filter>01. Level\UI\Temp Props\Temp Shader</Filter>
    </FxCompile>
  </ItemGroup>
</Project>